
Microsoft Visual Studio Solution File, Format Version 11.00
# Visual Studio 2010
Project("{FAE04EC0-301F-11D3-BF4B-00C04F79EFBC}") = "Space Shooter Lab3", "Assembly-CSharp.csproj", "{3C0B6F70-D13E-10CB-2E74-BC4492E51185}"
EndProject
Project("{FAE04EC0-301F-11D3-BF4B-00C04F79EFBC}") = "Space Shooter Lab3", "Assembly-CSharp-Editor.csproj", "{50C858F1-59D2-8695-5320-26FC650389EF}"
EndProject
Global
	GlobalSection(SolutionConfigurationPlatforms) = preSolution
		Debug|Any CPU = Debug|Any CPU
		Release|Any CPU = Release|Any CPU
	EndGlobalSection
	GlobalSection(ProjectConfigurationPlatforms) = postSolution
		{3C0B6F70-D13E-10CB-2E74-BC4492E51185}.Debug|Any CPU.ActiveCfg = Debug|Any CPU
		{3C0B6F70-D13E-10CB-2E74-BC4492E51185}.Debug|Any CPU.Build.0 = Debug|Any CPU
		{3C0B6F70-D13E-10CB-2E74-BC4492E51185}.Release|Any CPU.ActiveCfg = Release|Any CPU
		{3C0B6F70-D13E-10CB-2E74-BC4492E51185}.Release|Any CPU.Build.0 = Release|Any CPU
		{50C858F1-59D2-8695-5320-26FC650389EF}.Debug|Any CPU.ActiveCfg = Debug|Any CPU
		{50C858F1-59D2-8695-5320-26FC650389EF}.Debug|Any CPU.Build.0 = Debug|Any CPU
		{50C858F1-59D2-8695-5320-26FC650389EF}.Release|Any CPU.ActiveCfg = Release|Any CPU
		{50C858F1-59D2-8695-5320-26FC650389EF}.Release|Any CPU.Build.0 = Release|Any CPU
	EndGlobalSection
	GlobalSection(SolutionProperties) = preSolution
		HideSolutionNode = FALSE
	EndGlobalSection
	GlobalSection(MonoDevelopProperties) = preSolution
		StartupItem = Assembly-CSharp.csproj
	EndGlobalSection
EndGlobal
